
Microsoft Visual Studio Solution File, Format Version 12.00
# Visual Studio Version 17
VisualStudioVersion = 17.8.34219.65
MinimumVisualStudioVersion = 10.0.40219.1
Project("{FAE04EC0-301F-11D3-BF4B-00C04F79EFBC}") = "AppSettingManager", "AppSettingManager\AppSettingManager.csproj", "{00210525-4342-42A6-A559-38D4C39D2374}"
EndProject
Global
	GlobalSection(SolutionConfigurationPlatforms) = preSolution
		Debug|Any CPU = Debug|Any CPU
		Release|Any CPU = Release|Any CPU
	EndGlobalSection
	GlobalSection(ProjectConfigurationPlatforms) = postSolution
		{00210525-4342-42A6-A559-38D4C39D2374}.Debug|Any CPU.ActiveCfg = Debug|Any CPU
		{00210525-4342-42A6-A559-38D4C39D2374}.Debug|Any CPU.Build.0 = Debug|Any CPU
		{00210525-4342-42A6-A559-38D4C39D2374}.Release|Any CPU.ActiveCfg = Release|Any CPU
		{00210525-4342-42A6-A559-38D4C39D2374}.Release|Any CPU.Build.0 = Release|Any CPU
	EndGlobalSection
	GlobalSection(SolutionProperties) = preSolution
		HideSolutionNode = FALSE
	EndGlobalSection
	GlobalSection(ExtensibilityGlobals) = postSolution
		SolutionGuid = {83803CDA-7AC7-4AFD-848E-2EB2E0A057FE}
	EndGlobalSection
EndGlobal
